
Microsoft Visual Studio Solution File, Format Version 12.00
# Visual Studio Version 16
VisualStudioVersion = 16.0.30523.141
MinimumVisualStudioVersion = 10.0.40219.1
Project("{FAE04EC0-301F-11D3-BF4B-00C04F79EFBC}") = "Animatie", "Animatie\Animatie.csproj", "{6E7FB307-60CA-4450-9B59-CEAF70F273AA}"
EndProject
Global
	GlobalSection(SolutionConfigurationPlatforms) = preSolution
		Debug|Any CPU = Debug|Any CPU
		Release|Any CPU = Release|Any CPU
	EndGlobalSection
	GlobalSection(ProjectConfigurationPlatforms) = postSolution
		{6E7FB307-60CA-4450-9B59-CEAF70F273AA}.Debug|Any CPU.ActiveCfg = Debug|Any CPU
		{6E7FB307-60CA-4450-9B59-CEAF70F273AA}.Debug|Any CPU.Build.0 = Debug|Any CPU
		{6E7FB307-60CA-4450-9B59-CEAF70F273AA}.Release|Any CPU.ActiveCfg = Release|Any CPU
		{6E7FB307-60CA-4450-9B59-CEAF70F273AA}.Release|Any CPU.Build.0 = Release|Any CPU
	EndGlobalSection
	GlobalSection(SolutionProperties) = preSolution
		HideSolutionNode = FALSE
	EndGlobalSection
	GlobalSection(ExtensibilityGlobals) = postSolution
		SolutionGuid = {C52D5744-1366-4DF2-8648-557D90318297}
	EndGlobalSection
EndGlobal
